
Microsoft Visual Studio Solution File, Format Version 12.00
# Visual Studio Version 16
VisualStudioVersion = 16.0.28917.181
MinimumVisualStudioVersion = 10.0.40219.1
Project("{FAE04EC0-301F-11D3-BF4B-00C04F79EFBC}") = "TJADotNet", "TJADotNet\TJADotNet.csproj", "{48FFC380-7F6A-4082-A7DF-EFD405B909D9}"
EndProject
Global
	GlobalSection(SolutionConfigurationPlatforms) = preSolution
		Debug|Any CPU = Debug|Any CPU
		Release|Any CPU = Release|Any CPU
	EndGlobalSection
	GlobalSection(ProjectConfigurationPlatforms) = postSolution
		{48FFC380-7F6A-4082-A7DF-EFD405B909D9}.Debug|Any CPU.ActiveCfg = Debug|Any CPU
		{48FFC380-7F6A-4082-A7DF-EFD405B909D9}.Debug|Any CPU.Build.0 = Debug|Any CPU
		{48FFC380-7F6A-4082-A7DF-EFD405B909D9}.Release|Any CPU.ActiveCfg = Release|Any CPU
		{48FFC380-7F6A-4082-A7DF-EFD405B909D9}.Release|Any CPU.Build.0 = Release|Any CPU
	EndGlobalSection
	GlobalSection(SolutionProperties) = preSolution
		HideSolutionNode = FALSE
	EndGlobalSection
	GlobalSection(ExtensibilityGlobals) = postSolution
		SolutionGuid = {331B051B-E1D7-443D-A959-D02A60B398D3}
	EndGlobalSection
EndGlobal
